
Microsoft Visual Studio Solution File, Format Version 12.00
# Visual Studio Version 17
VisualStudioVersion = 17.0.31903.59
MinimumVisualStudioVersion = 10.0.40219.1
Project("{2150E333-8FDC-42A3-9474-1A3956D46DE8}") = "src", "src", "{827E0CD3-B72D-47B6-A68D-7590B98EB39B}"
EndProject
Project("{FAE04EC0-301F-11D3-BF4B-00C04F79EFBC}") = "EmpTracker.Core", "src\EmpTracker.Core\EmpTracker.Core.csproj", "{78CF6274-B04F-471A-A602-71856D93F774}"
EndProject
Project("{FAE04EC0-301F-11D3-BF4B-00C04F79EFBC}") = "EmpTracker.Infrastructure", "src\EmpTracker.Infrastructure\EmpTracker.Infrastructure.csproj", "{0C42EDC3-A709-400A-BDA1-1EA0207F0DFD}"
EndProject
Project("{FAE04EC0-301F-11D3-BF4B-00C04F79EFBC}") = "EmpTracker.API", "src\EmpTracker.API\EmpTracker.API.csproj", "{FA6E7B23-871D-4B73-BD6D-21A752ECC2C8}"
EndProject
Project("{FAE04EC0-301F-11D3-BF4B-00C04F79EFBC}") = "EmpTracker.Web", "src\EmpTracker.Web\EmpTracker.Web.csproj", "{D7DE77D0-D138-480C-8EDA-186241578AAB}"
EndProject
Global
	GlobalSection(SolutionConfigurationPlatforms) = preSolution
		Debug|Any CPU = Debug|Any CPU
		Debug|x64 = Debug|x64
		Debug|x86 = Debug|x86
		Release|Any CPU = Release|Any CPU
		Release|x64 = Release|x64
		Release|x86 = Release|x86
	EndGlobalSection
	GlobalSection(ProjectConfigurationPlatforms) = postSolution
		{78CF6274-B04F-471A-A602-71856D93F774}.Debug|Any CPU.ActiveCfg = Debug|Any CPU
		{78CF6274-B04F-471A-A602-71856D93F774}.Debug|Any CPU.Build.0 = Debug|Any CPU
		{78CF6274-B04F-471A-A602-71856D93F774}.Debug|x64.ActiveCfg = Debug|Any CPU
		{78CF6274-B04F-471A-A602-71856D93F774}.Debug|x64.Build.0 = Debug|Any CPU
		{78CF6274-B04F-471A-A602-71856D93F774}.Debug|x86.ActiveCfg = Debug|Any CPU
		{78CF6274-B04F-471A-A602-71856D93F774}.Debug|x86.Build.0 = Debug|Any CPU
		{78CF6274-B04F-471A-A602-71856D93F774}.Release|Any CPU.ActiveCfg = Release|Any CPU
		{78CF6274-B04F-471A-A602-71856D93F774}.Release|Any CPU.Build.0 = Release|Any CPU
		{78CF6274-B04F-471A-A602-71856D93F774}.Release|x64.ActiveCfg = Release|Any CPU
		{78CF6274-B04F-471A-A602-71856D93F774}.Release|x64.Build.0 = Release|Any CPU
		{78CF6274-B04F-471A-A602-71856D93F774}.Release|x86.ActiveCfg = Release|Any CPU
		{78CF6274-B04F-471A-A602-71856D93F774}.Release|x86.Build.0 = Release|Any CPU
		{0C42EDC3-A709-400A-BDA1-1EA0207F0DFD}.Debug|Any CPU.ActiveCfg = Debug|Any CPU
		{0C42EDC3-A709-400A-BDA1-1EA0207F0DFD}.Debug|Any CPU.Build.0 = Debug|Any CPU
		{0C42EDC3-A709-400A-BDA1-1EA0207F0DFD}.Debug|x64.ActiveCfg = Debug|Any CPU
		{0C42EDC3-A709-400A-BDA1-1EA0207F0DFD}.Debug|x64.Build.0 = Debug|Any CPU
		{0C42EDC3-A709-400A-BDA1-1EA0207F0DFD}.Debug|x86.ActiveCfg = Debug|Any CPU
		{0C42EDC3-A709-400A-BDA1-1EA0207F0DFD}.Debug|x86.Build.0 = Debug|Any CPU
		{0C42EDC3-A709-400A-BDA1-1EA0207F0DFD}.Release|Any CPU.ActiveCfg = Release|Any CPU
		{0C42EDC3-A709-400A-BDA1-1EA0207F0DFD}.Release|Any CPU.Build.0 = Release|Any CPU
		{0C42EDC3-A709-400A-BDA1-1EA0207F0DFD}.Release|x64.ActiveCfg = Release|Any CPU
		{0C42EDC3-A709-400A-BDA1-1EA0207F0DFD}.Release|x64.Build.0 = Release|Any CPU
		{0C42EDC3-A709-400A-BDA1-1EA0207F0DFD}.Release|x86.ActiveCfg = Release|Any CPU
		{0C42EDC3-A709-400A-BDA1-1EA0207F0DFD}.Release|x86.Build.0 = Release|Any CPU
		{FA6E7B23-871D-4B73-BD6D-21A752ECC2C8}.Debug|Any CPU.ActiveCfg = Debug|Any CPU
		{FA6E7B23-871D-4B73-BD6D-21A752ECC2C8}.Debug|Any CPU.Build.0 = Debug|Any CPU
		{FA6E7B23-871D-4B73-BD6D-21A752ECC2C8}.Debug|x64.ActiveCfg = Debug|Any CPU
		{FA6E7B23-871D-4B73-BD6D-21A752ECC2C8}.Debug|x64.Build.0 = Debug|Any CPU
		{FA6E7B23-871D-4B73-BD6D-21A752ECC2C8}.Debug|x86.ActiveCfg = Debug|Any CPU
		{FA6E7B23-871D-4B73-BD6D-21A752ECC2C8}.Debug|x86.Build.0 = Debug|Any CPU
		{FA6E7B23-871D-4B73-BD6D-21A752ECC2C8}.Release|Any CPU.ActiveCfg = Release|Any CPU
		{FA6E7B23-871D-4B73-BD6D-21A752ECC2C8}.Release|Any CPU.Build.0 = Release|Any CPU
		{FA6E7B23-871D-4B73-BD6D-21A752ECC2C8}.Release|x64.ActiveCfg = Release|Any CPU
		{FA6E7B23-871D-4B73-BD6D-21A752ECC2C8}.Release|x64.Build.0 = Release|Any CPU
		{FA6E7B23-871D-4B73-BD6D-21A752ECC2C8}.Release|x86.ActiveCfg = Release|Any CPU
		{FA6E7B23-871D-4B73-BD6D-21A752ECC2C8}.Release|x86.Build.0 = Release|Any CPU
		{D7DE77D0-D138-480C-8EDA-186241578AAB}.Debug|Any CPU.ActiveCfg = Debug|Any CPU
		{D7DE77D0-D138-480C-8EDA-186241578AAB}.Debug|Any CPU.Build.0 = Debug|Any CPU
		{D7DE77D0-D138-480C-8EDA-186241578AAB}.Debug|x64.ActiveCfg = Debug|Any CPU
		{D7DE77D0-D138-480C-8EDA-186241578AAB}.Debug|x64.Build.0 = Debug|Any CPU
		{D7DE77D0-D138-480C-8EDA-186241578AAB}.Debug|x86.ActiveCfg = Debug|Any CPU
		{D7DE77D0-D138-480C-8EDA-186241578AAB}.Debug|x86.Build.0 = Debug|Any CPU
		{D7DE77D0-D138-480C-8EDA-186241578AAB}.Release|Any CPU.ActiveCfg = Release|Any CPU
		{D7DE77D0-D138-480C-8EDA-186241578AAB}.Release|Any CPU.Build.0 = Release|Any CPU
		{D7DE77D0-D138-480C-8EDA-186241578AAB}.Release|x64.ActiveCfg = Release|Any CPU
		{D7DE77D0-D138-480C-8EDA-186241578AAB}.Release|x64.Build.0 = Release|Any CPU
		{D7DE77D0-D138-480C-8EDA-186241578AAB}.Release|x86.ActiveCfg = Release|Any CPU
		{D7DE77D0-D138-480C-8EDA-186241578AAB}.Release|x86.Build.0 = Release|Any CPU
	EndGlobalSection
	GlobalSection(SolutionProperties) = preSolution
		HideSolutionNode = FALSE
	EndGlobalSection
	GlobalSection(NestedProjects) = preSolution
		{78CF6274-B04F-471A-A602-71856D93F774} = {827E0CD3-B72D-47B6-A68D-7590B98EB39B}
		{0C42EDC3-A709-400A-BDA1-1EA0207F0DFD} = {827E0CD3-B72D-47B6-A68D-7590B98EB39B}
		{FA6E7B23-871D-4B73-BD6D-21A752ECC2C8} = {827E0CD3-B72D-47B6-A68D-7590B98EB39B}
		{D7DE77D0-D138-480C-8EDA-186241578AAB} = {827E0CD3-B72D-47B6-A68D-7590B98EB39B}
	EndGlobalSection
EndGlobal
